
Microsoft Visual Studio Solution File, Format Version 12.00
# Visual Studio Version 17
VisualStudioVersion = 17.5.33502.453
MinimumVisualStudioVersion = 10.0.40219.1
Project("{9A19103F-16F7-4668-BE54-9A1E7A4F7556}") = "PersianPlaylist", "PersianPlaylist\PersianPlaylist.csproj", "{7168886E-9DC6-4295-81EA-E32C2967F7D2}"
EndProject
Project("{FAE04EC0-301F-11D3-BF4B-00C04F79EFBC}") = "Infrastructure", "Infrastructure\Infrastructure.csproj", "{80911662-4823-4D6A-98B9-27137E041A87}"
EndProject
Project("{2150E333-8FDC-42A3-9474-1A3956D46DE8}") = "Src", "Src", "{C131F593-CC18-4C3C-99DD-85BD5E2D90A7}"
EndProject
Project("{FAE04EC0-301F-11D3-BF4B-00C04F79EFBC}") = "Domain", "Domain\Domain.csproj", "{A3A7943E-23E1-40AF-8D0A-3A8F575859FC}"
EndProject
Global
	GlobalSection(SolutionConfigurationPlatforms) = preSolution
		Debug|Any CPU = Debug|Any CPU
		Release|Any CPU = Release|Any CPU
	EndGlobalSection
	GlobalSection(ProjectConfigurationPlatforms) = postSolution
		{7168886E-9DC6-4295-81EA-E32C2967F7D2}.Debug|Any CPU.ActiveCfg = Debug|Any CPU
		{7168886E-9DC6-4295-81EA-E32C2967F7D2}.Debug|Any CPU.Build.0 = Debug|Any CPU
		{7168886E-9DC6-4295-81EA-E32C2967F7D2}.Release|Any CPU.ActiveCfg = Release|Any CPU
		{7168886E-9DC6-4295-81EA-E32C2967F7D2}.Release|Any CPU.Build.0 = Release|Any CPU
		{80911662-4823-4D6A-98B9-27137E041A87}.Debug|Any CPU.ActiveCfg = Debug|Any CPU
		{80911662-4823-4D6A-98B9-27137E041A87}.Debug|Any CPU.Build.0 = Debug|Any CPU
		{80911662-4823-4D6A-98B9-27137E041A87}.Release|Any CPU.ActiveCfg = Release|Any CPU
		{80911662-4823-4D6A-98B9-27137E041A87}.Release|Any CPU.Build.0 = Release|Any CPU
		{A3A7943E-23E1-40AF-8D0A-3A8F575859FC}.Debug|Any CPU.ActiveCfg = Debug|Any CPU
		{A3A7943E-23E1-40AF-8D0A-3A8F575859FC}.Debug|Any CPU.Build.0 = Debug|Any CPU
		{A3A7943E-23E1-40AF-8D0A-3A8F575859FC}.Release|Any CPU.ActiveCfg = Release|Any CPU
		{A3A7943E-23E1-40AF-8D0A-3A8F575859FC}.Release|Any CPU.Build.0 = Release|Any CPU
	EndGlobalSection
	GlobalSection(SolutionProperties) = preSolution
		HideSolutionNode = FALSE
	EndGlobalSection
	GlobalSection(NestedProjects) = preSolution
		{7168886E-9DC6-4295-81EA-E32C2967F7D2} = {C131F593-CC18-4C3C-99DD-85BD5E2D90A7}
		{80911662-4823-4D6A-98B9-27137E041A87} = {C131F593-CC18-4C3C-99DD-85BD5E2D90A7}
		{A3A7943E-23E1-40AF-8D0A-3A8F575859FC} = {C131F593-CC18-4C3C-99DD-85BD5E2D90A7}
	EndGlobalSection
	GlobalSection(ExtensibilityGlobals) = postSolution
		SolutionGuid = {DDB63427-D7E5-4287-9D09-510BBC1A9C3E}
	EndGlobalSection
EndGlobal
